# generated by rye
# use `rye lock` or `rye sync` to update this lockfile
#
# last locked with the following flags:
#   pre: false
#   features: []
#   all-features: false
#   with-sources: false
#   generate-hashes: false
#   universal: false

-e file:.
cffi==1.17.1
    # via pymunk
click==8.1.7
    # via cloup
    # via manim
cloup==3.0.5
    # via manim
decorator==5.1.1
    # via manim
glcontext==3.0.0
    # via moderngl
isosurfaces==0.1.2
    # via manim
lark==1.2.2
    # via arcane
manim==0.18.1
    # via arcane
    # via manim-physics
manim-physics==0.4.0
    # via arcane
manimpango==0.6.0
    # via manim
mapbox-earcut==1.0.2
    # via manim
markdown-it-py==3.0.0
    # via rich
mdurl==0.1.2
    # via markdown-it-py
moderngl==5.12.0
    # via manim
    # via moderngl-window
moderngl-window==2.4.6
    # via manim
mpmath==1.3.0
    # via sympy
multipledispatch==1.0.0
    # via pyrr
networkx==3.4.2
    # via manim
numpy==1.26.4
    # via isosurfaces
    # via manim
    # via mapbox-earcut
    # via moderngl-window
    # via pyrr
    # via scipy
    # via shapely
pillow==11.0.0
    # via manim
    # via moderngl-window
pycairo==1.27.0
    # via manim
pycparser==2.22
    # via cffi
pydub==0.25.1
    # via manim
pyglet==2.0.18
    # via moderngl-window
pygments==2.18.0
    # via manim
    # via rich
pymunk==6.11.1
    # via manim-physics
pyrr==0.10.3
    # via moderngl-window
rich==13.9.4
    # via manim
scipy==1.14.1
    # via manim
screeninfo==0.8.1
    # via manim
shapely==2.1.1
    # via manim-physics
skia-pathops==0.8.0.post2
    # via manim
srt==3.5.3
    # via manim
svgelements==1.9.6
    # via manim
sympy==1.13.3
    # via arcane
tqdm==4.67.1
    # via manim
typing-extensions==4.12.2
    # via manim
watchdog==6.0.0
    # via manim
